
Microsoft Visual Studio Solution File, Format Version 12.00
# Visual Studio 15
VisualStudioVersion = 15.0.28307.645
MinimumVisualStudioVersion = 10.0.40219.1
Project("{FAE04EC0-301F-11D3-BF4B-00C04F79EFBC}") = "TaskQueue", "TaskQueue\TaskQueue.csproj", "{D53747B6-F20A-42A7-9221-C895FDD334FD}"
EndProject
Global
	GlobalSection(SolutionConfigurationPlatforms) = preSolution
		Debug|Any CPU = Debug|Any CPU
		Release|Any CPU = Release|Any CPU
	EndGlobalSection
	GlobalSection(ProjectConfigurationPlatforms) = postSolution
		{D53747B6-F20A-42A7-9221-C895FDD334FD}.Debug|Any CPU.ActiveCfg = Debug|Any CPU
		{D53747B6-F20A-42A7-9221-C895FDD334FD}.Debug|Any CPU.Build.0 = Debug|Any CPU
		{D53747B6-F20A-42A7-9221-C895FDD334FD}.Release|Any CPU.ActiveCfg = Release|Any CPU
		{D53747B6-F20A-42A7-9221-C895FDD334FD}.Release|Any CPU.Build.0 = Release|Any CPU
	EndGlobalSection
	GlobalSection(SolutionProperties) = preSolution
		HideSolutionNode = FALSE
	EndGlobalSection
	GlobalSection(ExtensibilityGlobals) = postSolution
		SolutionGuid = {4081FF7E-F054-4D29-823C-FCAED79843F7}
	EndGlobalSection
EndGlobal
